
Microsoft Visual Studio Solution File, Format Version 12.00
# Visual Studio Version 17
VisualStudioVersion = 17.8.34511.84
MinimumVisualStudioVersion = 10.0.40219.1
Project("{9A19103F-16F7-4668-BE54-9A1E7A4F7556}") = "HelloWorld", "HelloWorld\HelloWorld.csproj", "{71A88AA8-34E6-40B8-92DC-024B66560D86}"
EndProject
Project("{FAE04EC0-301F-11D3-BF4B-00C04F79EFBC}") = "DeclaringVariables", "DeclaringVariables\DeclaringVariables.csproj", "{5071F87D-DDE9-4E7F-A74B-63855C5DD649}"
EndProject
Project("{9A19103F-16F7-4668-BE54-9A1E7A4F7556}") = "ImplicitTypes", "ImplicitTypes\ImplicitTypes.csproj", "{1EEB0610-E69C-408F-AF18-526D80BD44A3}"
EndProject
Project("{9A19103F-16F7-4668-BE54-9A1E7A4F7556}") = "SizeOf", "SizeOf\SizeOf.csproj", "{6BB27CDD-02ED-4B36-AE8B-1877DA656CFC}"
EndProject
Project("{9A19103F-16F7-4668-BE54-9A1E7A4F7556}") = "IfSelection", "IfSelection\IfSelection.csproj", "{71A99626-5A27-4CBF-AAB2-54D317A1F488}"
EndProject
Project("{9A19103F-16F7-4668-BE54-9A1E7A4F7556}") = "SimpleSwitch", "SimpleSwitch\SimpleSwitch.csproj", "{B729BC34-D794-473B-A630-0A84D064ED43}"
EndProject
Project("{FAE04EC0-301F-11D3-BF4B-00C04F79EFBC}") = "WhileLoop", "WhileLoop\WhileLoop.csproj", "{A2591C7B-28EE-427F-A8D2-48219BB11677}"
EndProject
Project("{FAE04EC0-301F-11D3-BF4B-00C04F79EFBC}") = "ForLoop", "ForLoop\ForLoop.csproj", "{B28F52B6-F840-4EB2-A6E4-0DBAB2B6833F}"
EndProject
Project("{FAE04EC0-301F-11D3-BF4B-00C04F79EFBC}") = "ForEach", "ForEach\ForEach.csproj", "{64A5D6EE-BEDD-4F13-B06D-4A52E64003E8}"
EndProject
Global
	GlobalSection(SolutionConfigurationPlatforms) = preSolution
		Debug|Any CPU = Debug|Any CPU
		Release|Any CPU = Release|Any CPU
	EndGlobalSection
	GlobalSection(ProjectConfigurationPlatforms) = postSolution
		{71A88AA8-34E6-40B8-92DC-024B66560D86}.Debug|Any CPU.ActiveCfg = Debug|Any CPU
		{71A88AA8-34E6-40B8-92DC-024B66560D86}.Debug|Any CPU.Build.0 = Debug|Any CPU
		{71A88AA8-34E6-40B8-92DC-024B66560D86}.Release|Any CPU.ActiveCfg = Release|Any CPU
		{71A88AA8-34E6-40B8-92DC-024B66560D86}.Release|Any CPU.Build.0 = Release|Any CPU
		{5071F87D-DDE9-4E7F-A74B-63855C5DD649}.Debug|Any CPU.ActiveCfg = Debug|Any CPU
		{5071F87D-DDE9-4E7F-A74B-63855C5DD649}.Debug|Any CPU.Build.0 = Debug|Any CPU
		{5071F87D-DDE9-4E7F-A74B-63855C5DD649}.Release|Any CPU.ActiveCfg = Release|Any CPU
		{5071F87D-DDE9-4E7F-A74B-63855C5DD649}.Release|Any CPU.Build.0 = Release|Any CPU
		{1EEB0610-E69C-408F-AF18-526D80BD44A3}.Debug|Any CPU.ActiveCfg = Debug|Any CPU
		{1EEB0610-E69C-408F-AF18-526D80BD44A3}.Debug|Any CPU.Build.0 = Debug|Any CPU
		{1EEB0610-E69C-408F-AF18-526D80BD44A3}.Release|Any CPU.ActiveCfg = Release|Any CPU
		{1EEB0610-E69C-408F-AF18-526D80BD44A3}.Release|Any CPU.Build.0 = Release|Any CPU
		{6BB27CDD-02ED-4B36-AE8B-1877DA656CFC}.Debug|Any CPU.ActiveCfg = Debug|Any CPU
		{6BB27CDD-02ED-4B36-AE8B-1877DA656CFC}.Debug|Any CPU.Build.0 = Debug|Any CPU
		{6BB27CDD-02ED-4B36-AE8B-1877DA656CFC}.Release|Any CPU.ActiveCfg = Release|Any CPU
		{6BB27CDD-02ED-4B36-AE8B-1877DA656CFC}.Release|Any CPU.Build.0 = Release|Any CPU
		{71A99626-5A27-4CBF-AAB2-54D317A1F488}.Debug|Any CPU.ActiveCfg = Debug|Any CPU
		{71A99626-5A27-4CBF-AAB2-54D317A1F488}.Debug|Any CPU.Build.0 = Debug|Any CPU
		{71A99626-5A27-4CBF-AAB2-54D317A1F488}.Release|Any CPU.ActiveCfg = Release|Any CPU
		{71A99626-5A27-4CBF-AAB2-54D317A1F488}.Release|Any CPU.Build.0 = Release|Any CPU
		{B729BC34-D794-473B-A630-0A84D064ED43}.Debug|Any CPU.ActiveCfg = Debug|Any CPU
		{B729BC34-D794-473B-A630-0A84D064ED43}.Debug|Any CPU.Build.0 = Debug|Any CPU
		{B729BC34-D794-473B-A630-0A84D064ED43}.Release|Any CPU.ActiveCfg = Release|Any CPU
		{B729BC34-D794-473B-A630-0A84D064ED43}.Release|Any CPU.Build.0 = Release|Any CPU
		{A2591C7B-28EE-427F-A8D2-48219BB11677}.Debug|Any CPU.ActiveCfg = Debug|Any CPU
		{A2591C7B-28EE-427F-A8D2-48219BB11677}.Debug|Any CPU.Build.0 = Debug|Any CPU
		{A2591C7B-28EE-427F-A8D2-48219BB11677}.Release|Any CPU.ActiveCfg = Release|Any CPU
		{A2591C7B-28EE-427F-A8D2-48219BB11677}.Release|Any CPU.Build.0 = Release|Any CPU
		{B28F52B6-F840-4EB2-A6E4-0DBAB2B6833F}.Debug|Any CPU.ActiveCfg = Debug|Any CPU
		{B28F52B6-F840-4EB2-A6E4-0DBAB2B6833F}.Debug|Any CPU.Build.0 = Debug|Any CPU
		{B28F52B6-F840-4EB2-A6E4-0DBAB2B6833F}.Release|Any CPU.ActiveCfg = Release|Any CPU
		{B28F52B6-F840-4EB2-A6E4-0DBAB2B6833F}.Release|Any CPU.Build.0 = Release|Any CPU
		{64A5D6EE-BEDD-4F13-B06D-4A52E64003E8}.Debug|Any CPU.ActiveCfg = Debug|Any CPU
		{64A5D6EE-BEDD-4F13-B06D-4A52E64003E8}.Debug|Any CPU.Build.0 = Debug|Any CPU
		{64A5D6EE-BEDD-4F13-B06D-4A52E64003E8}.Release|Any CPU.ActiveCfg = Release|Any CPU
		{64A5D6EE-BEDD-4F13-B06D-4A52E64003E8}.Release|Any CPU.Build.0 = Release|Any CPU
	EndGlobalSection
	GlobalSection(SolutionProperties) = preSolution
		HideSolutionNode = FALSE
	EndGlobalSection
	GlobalSection(ExtensibilityGlobals) = postSolution
		SolutionGuid = {A83168DF-9080-4B11-9D55-897A052FF52D}
	EndGlobalSection
EndGlobal
